
Microsoft Visual Studio Solution File, Format Version 12.00
# Visual Studio Version 17
VisualStudioVersion = 17.11.35222.181
MinimumVisualStudioVersion = 10.0.40219.1
Project("{9A19103F-16F7-4668-BE54-9A1E7A4F7556}") = "NestNet.Infra", "..\NestNet.Infra\NestNet.Infra.csproj", "{788D8AE3-9EFB-4C80-BC6C-FF23E197FE03}"
EndProject
Project("{FAE04EC0-301F-11D3-BF4B-00C04F79EFBC}") = "SampleApp.Worker", "SampleApp\SampleApp.Worker\SampleApp.Worker.csproj", "{A860E298-3AE9-4BDB-8AFE-ADC9A9880860}"
EndProject
Global
	GlobalSection(SolutionConfigurationPlatforms) = preSolution
		Debug|Any CPU = Debug|Any CPU
		Release|Any CPU = Release|Any CPU
	EndGlobalSection
	GlobalSection(ProjectConfigurationPlatforms) = postSolution
		{788D8AE3-9EFB-4C80-BC6C-FF23E197FE03}.Debug|Any CPU.ActiveCfg = Debug|Any CPU
		{788D8AE3-9EFB-4C80-BC6C-FF23E197FE03}.Debug|Any CPU.Build.0 = Debug|Any CPU
		{788D8AE3-9EFB-4C80-BC6C-FF23E197FE03}.Release|Any CPU.ActiveCfg = Release|Any CPU
		{788D8AE3-9EFB-4C80-BC6C-FF23E197FE03}.Release|Any CPU.Build.0 = Release|Any CPU
		{A860E298-3AE9-4BDB-8AFE-ADC9A9880860}.Debug|Any CPU.ActiveCfg = Debug|Any CPU
		{A860E298-3AE9-4BDB-8AFE-ADC9A9880860}.Debug|Any CPU.Build.0 = Debug|Any CPU
		{A860E298-3AE9-4BDB-8AFE-ADC9A9880860}.Release|Any CPU.ActiveCfg = Release|Any CPU
		{A860E298-3AE9-4BDB-8AFE-ADC9A9880860}.Release|Any CPU.Build.0 = Release|Any CPU
	EndGlobalSection
	GlobalSection(SolutionProperties) = preSolution
		HideSolutionNode = FALSE
	EndGlobalSection
	GlobalSection(ExtensibilityGlobals) = postSolution
		SolutionGuid = {2991C4F1-DDAF-4389-8727-9ADDCEB19D76}
	EndGlobalSection
EndGlobal
